
Microsoft Visual Studio Solution File, Format Version 12.00
# Visual Studio Version 17
VisualStudioVersion = 17.0.31912.275
MinimumVisualStudioVersion = 10.0.40219.1
Project("{FAE04EC0-301F-11D3-BF4B-00C04F79EFBC}") = "AdventOfCode", "AdventOfCode.csproj", "{9DB3EC78-FF1F-413E-9255-D318FB7594BC}"
EndProject
Global
	GlobalSection(SolutionConfigurationPlatforms) = preSolution
		Debug|Any CPU = Debug|Any CPU
		Release|Any CPU = Release|Any CPU
	EndGlobalSection
	GlobalSection(ProjectConfigurationPlatforms) = postSolution
		{9DB3EC78-FF1F-413E-9255-D318FB7594BC}.Debug|Any CPU.ActiveCfg = Debug|Any CPU
		{9DB3EC78-FF1F-413E-9255-D318FB7594BC}.Debug|Any CPU.Build.0 = Debug|Any CPU
		{9DB3EC78-FF1F-413E-9255-D318FB7594BC}.Release|Any CPU.ActiveCfg = Release|Any CPU
		{9DB3EC78-FF1F-413E-9255-D318FB7594BC}.Release|Any CPU.Build.0 = Release|Any CPU
	EndGlobalSection
	GlobalSection(SolutionProperties) = preSolution
		HideSolutionNode = FALSE
	EndGlobalSection
	GlobalSection(ExtensibilityGlobals) = postSolution
		SolutionGuid = {430CCBA7-D0DB-4ACD-889A-8F72D44B4E67}
	EndGlobalSection
EndGlobal
